// !$*UTF8*$!
{
	archiveVersion = 1;
	classes = {
	};
	objectVersion = 51;
	objects = {

/* Begin PBXBuildFile section */
		5CA94FCDC4BFFAA5CF3F4E63 /* Pods_YouTubeApp1Tests.framework in Frameworks */ = {isa = PBXBuildFile; fileRef = A5A0831DA691CA9745D72714 /* Pods_YouTubeApp1Tests.framework */; };
		871AB7BCE0561188592A19A6 /* Pods_YouTubeApp1_YouTubeApp1UITests.framework in Frameworks */ = {isa = PBXBuildFile; fileRef = 6340011A8046F785D10705DB /* Pods_YouTubeApp1_YouTubeApp1UITests.framework */; };
		876EBFFAF4B41E7B6C5DFCF8 /* Pods_YouTubeApp1.framework in Frameworks */ = {isa = PBXBuildFile; fileRef = D267BB1C253AA92C1E447CDE /* Pods_YouTubeApp1.framework */; };
		CE27D11024CD85820060C7A7 /* Video.swift in Sources */ = {isa = PBXBuildFile; fileRef = CE27D10F24CD85820060C7A7 /* Video.swift */; };
		CE29F1E424CC845500542D4C /* AppDelegate.swift in Sources */ = {isa = PBXBuildFile; fileRef = CE29F1E324CC845500542D4C /* AppDelegate.swift */; };
		CE29F1E624CC845500542D4C /* SceneDelegate.swift in Sources */ = {isa = PBXBuildFile; fileRef = CE29F1E524CC845500542D4C /* SceneDelegate.swift */; };
		CE29F1E824CC845500542D4C /* ViewController.swift in Sources */ = {isa = PBXBuildFile; fileRef = CE29F1E724CC845500542D4C /* ViewController.swift */; };
		CE29F1EB24CC845500542D4C /* Main.storyboard in Resources */ = {isa = PBXBuildFile; fileRef = CE29F1E924CC845500542D4C /* Main.storyboard */; };
		CE29F1ED24CC845900542D4C /* Assets.xcassets in Resources */ = {isa = PBXBuildFile; fileRef = CE29F1EC24CC845900542D4C /* Assets.xcassets */; };
		CE29F1F024CC845900542D4C /* LaunchScreen.storyboard in Resources */ = {isa = PBXBuildFile; fileRef = CE29F1EE24CC845900542D4C /* LaunchScreen.storyboard */; };
		CE29F1FB24CC845A00542D4C /* YouTubeApp1Tests.swift in Sources */ = {isa = PBXBuildFile; fileRef = CE29F1FA24CC845A00542D4C /* YouTubeApp1Tests.swift */; };
		CE29F20624CC845A00542D4C /* YouTubeApp1UITests.swift in Sources */ = {isa = PBXBuildFile; fileRef = CE29F20524CC845A00542D4C /* YouTubeApp1UITests.swift */; };
		CE29F22224CC906500542D4C /* VideoListCell.swift in Sources */ = {isa = PBXBuildFile; fileRef = CE29F22124CC906500542D4C /* VideoListCell.swift */; };
		CE29F22524CC923200542D4C /* VideoListCell.xib in Resources */ = {isa = PBXBuildFile; fileRef = CE29F22424CC923200542D4C /* VideoListCell.xib */; };
		CE7FA8ED24CF404F00A2DE8A /* Channel.swift in Sources */ = {isa = PBXBuildFile; fileRef = CE7FA8EC24CF404F00A2DE8A /* Channel.swift */; };
		CEA09DC624CF557E000ECD3D /* APIRequest.swift in Sources */ = {isa = PBXBuildFile; fileRef = CEA09DC524CF557E000ECD3D /* APIRequest.swift */; };
/* End PBXBuildFile section */

/* Begin PBXContainerItemProxy section */
		CE29F1F724CC845A00542D4C /* PBXContainerItemProxy */ = {
			isa = PBXContainerItemProxy;
			containerPortal = CE29F1D824CC845500542D4C /* Project object */;
			proxyType = 1;
			remoteGlobalIDString = CE29F1DF24CC845500542D4C;
			remoteInfo = YouTubeApp1;
		};
		CE29F20224CC845A00542D4C /* PBXContainerItemProxy */ = {
			isa = PBXContainerItemProxy;
			containerPortal = CE29F1D824CC845500542D4C /* Project object */;
			proxyType = 1;
			remoteGlobalIDString = CE29F1DF24CC845500542D4C;
			remoteInfo = YouTubeApp1;
		};
/* End PBXContainerItemProxy section */

/* Begin PBXFileReference section */
		0CCA9DB1DE6B34D553A6E46B /* Pods-YouTubeApp1.debug.xcconfig */ = {isa = PBXFileReference; includeInIndex = 1; lastKnownFileType = text.xcconfig; name = "Pods-YouTubeApp1.debug.xcconfig"; path = "Target Support Files/Pods-YouTubeApp1/Pods-YouTubeApp1.debug.xcconfig"; sourceTree = "<group>"; };
		1061A7E7FE8A2FEC6A6413D7 /* Pods-YouTubeApp1-YouTubeApp1UITests.debug.xcconfig */ = {isa = PBXFileReference; includeInIndex = 1; lastKnownFileType = text.xcconfig; name = "Pods-YouTubeApp1-YouTubeApp1UITests.debug.xcconfig"; path = "Target Support Files/Pods-YouTubeApp1-YouTubeApp1UITests/Pods-YouTubeApp1-YouTubeApp1UITests.debug.xcconfig"; sourceTree = "<group>"; };
		6340011A8046F785D10705DB /* Pods_YouTubeApp1_YouTubeApp1UITests.framework */ = {isa = PBXFileReference; explicitFileType = wrapper.framework; includeInIndex = 0; path = Pods_YouTubeApp1_YouTubeApp1UITests.framework; sourceTree = BUILT_PRODUCTS_DIR; };
		8D92A3C4BEAF5450F4EBB9B5 /* Pods-YouTubeApp1-YouTubeApp1UITests.release.xcconfig */ = {isa = PBXFileReference; includeInIndex = 1; lastKnownFileType = text.xcconfig; name = "Pods-YouTubeApp1-YouTubeApp1UITests.release.xcconfig"; path = "Target Support Files/Pods-YouTubeApp1-YouTubeApp1UITests/Pods-YouTubeApp1-YouTubeApp1UITests.release.xcconfig"; sourceTree = "<group>"; };
		92D15B07434431D0088217E5 /* Pods-YouTubeApp1Tests.debug.xcconfig */ = {isa = PBXFileReference; includeInIndex = 1; lastKnownFileType = text.xcconfig; name = "Pods-YouTubeApp1Tests.debug.xcconfig"; path = "Target Support Files/Pods-YouTubeApp1Tests/Pods-YouTubeApp1Tests.debug.xcconfig"; sourceTree = "<group>"; };
		A5A0831DA691CA9745D72714 /* Pods_YouTubeApp1Tests.framework */ = {isa = PBXFileReference; explicitFileType = wrapper.framework; includeInIndex = 0; path = Pods_YouTubeApp1Tests.framework; sourceTree = BUILT_PRODUCTS_DIR; };
		C68109AB53F5E8F33369797D /* Pods-YouTubeApp1.release.xcconfig */ = {isa = PBXFileReference; includeInIndex = 1; lastKnownFileType = text.xcconfig; name = "Pods-YouTubeApp1.release.xcconfig"; path = "Target Support Files/Pods-YouTubeApp1/Pods-YouTubeApp1.release.xcconfig"; sourceTree = "<group>"; };
		CE27D10F24CD85820060C7A7 /* Video.swift */ = {isa = PBXFileReference; lastKnownFileType = sourcecode.swift; path = Video.swift; sourceTree = "<group>"; };
		CE29F1E024CC845500542D4C /* YouTubeApp1.app */ = {isa = PBXFileReference; explicitFileType = wrapper.application; includeInIndex = 0; path = YouTubeApp1.app; sourceTree = BUILT_PRODUCTS_DIR; };
		CE29F1E324CC845500542D4C /* AppDelegate.swift */ = {isa = PBXFileReference; lastKnownFileType = sourcecode.swift; path = AppDelegate.swift; sourceTree = "<group>"; };
		CE29F1E524CC845500542D4C /* SceneDelegate.swift */ = {isa = PBXFileReference; lastKnownFileType = sourcecode.swift; path = SceneDelegate.swift; sourceTree = "<group>"; };
		CE29F1E724CC845500542D4C /* ViewController.swift */ = {isa = PBXFileReference; lastKnownFileType = sourcecode.swift; path = ViewController.swift; sourceTree = "<group>"; };
		CE29F1EA24CC845500542D4C /* Base */ = {isa = PBXFileReference; lastKnownFileType = file.storyboard; name = Base; path = Base.lproj/Main.storyboard; sourceTree = "<group>"; };
		CE29F1EC24CC845900542D4C /* Assets.xcassets */ = {isa = PBXFileReference; lastKnownFileType = folder.assetcatalog; path = Assets.xcassets; sourceTree = "<group>"; };
		CE29F1EF24CC845900542D4C /* Base */ = {isa = PBXFileReference; lastKnownFileType = file.storyboard; name = Base; path = Base.lproj/LaunchScreen.storyboard; sourceTree = "<group>"; };
		CE29F1F124CC845900542D4C /* Info.plist */ = {isa = PBXFileReference; lastKnownFileType = text.plist.xml; path = Info.plist; sourceTree = "<group>"; };
		CE29F1F624CC845A00542D4C /* YouTubeApp1Tests.xctest */ = {isa = PBXFileReference; explicitFileType = wrapper.cfbundle; includeInIndex = 0; path = YouTubeApp1Tests.xctest; sourceTree = BUILT_PRODUCTS_DIR; };
		CE29F1FA24CC845A00542D4C /* YouTubeApp1Tests.swift */ = {isa = PBXFileReference; lastKnownFileType = sourcecode.swift; path = YouTubeApp1Tests.swift; sourceTree = "<group>"; };
		CE29F1FC24CC845A00542D4C /* Info.plist */ = {isa = PBXFileReference; lastKnownFileType = text.plist.xml; path = Info.plist; sourceTree = "<group>"; };
		CE29F20124CC845A00542D4C /* YouTubeApp1UITests.xctest */ = {isa = PBXFileReference; explicitFileType = wrapper.cfbundle; includeInIndex = 0; path = YouTubeApp1UITests.xctest; sourceTree = BUILT_PRODUCTS_DIR; };
		CE29F20524CC845A00542D4C /* YouTubeApp1UITests.swift */ = {isa = PBXFileReference; lastKnownFileType = sourcecode.swift; path = YouTubeApp1UITests.swift; sourceTree = "<group>"; };
		CE29F20724CC845A00542D4C /* Info.plist */ = {isa = PBXFileReference; lastKnownFileType = text.plist.xml; path = Info.plist; sourceTree = "<group>"; };
		CE29F22124CC906500542D4C /* VideoListCell.swift */ = {isa = PBXFileReference; lastKnownFileType = sourcecode.swift; path = VideoListCell.swift; sourceTree = "<group>"; };
		CE29F22424CC923200542D4C /* VideoListCell.xib */ = {isa = PBXFileReference; lastKnownFileType = file.xib; path = VideoListCell.xib; sourceTree = "<group>"; };
		CE798AD80272FB3738642BDC /* Pods-YouTubeApp1Tests.release.xcconfig */ = {isa = PBXFileReference; includeInIndex = 1; lastKnownFileType = text.xcconfig; name = "Pods-YouTubeApp1Tests.release.xcconfig"; path = "Target Support Files/Pods-YouTubeApp1Tests/Pods-YouTubeApp1Tests.release.xcconfig"; sourceTree = "<group>"; };
		CE7FA8EC24CF404F00A2DE8A /* Channel.swift */ = {isa = PBXFileReference; lastKnownFileType = sourcecode.swift; path = Channel.swift; sourceTree = "<group>"; };
		CEA09DC524CF557E000ECD3D /* APIRequest.swift */ = {isa = PBXFileReference; lastKnownFileType = sourcecode.swift; path = APIRequest.swift; sourceTree = "<group>"; };
		D267BB1C253AA92C1E447CDE /* Pods_YouTubeApp1.framework */ = {isa = PBXFileReference; explicitFileType = wrapper.framework; includeInIndex = 0; path = Pods_YouTubeApp1.framework; sourceTree = BUILT_PRODUCTS_DIR; };
/* End PBXFileReference section */

/* Begin PBXFrameworksBuildPhase section */
		CE29F1DD24CC845500542D4C /* Frameworks */ = {
			isa = PBXFrameworksBuildPhase;
			buildActionMask = 2147483647;
			files = (
				876EBFFAF4B41E7B6C5DFCF8 /* Pods_YouTubeApp1.framework in Frameworks */,
			);
			runOnlyForDeploymentPostprocessing = 0;
		};
		CE29F1F324CC845A00542D4C /* Frameworks */ = {
			isa = PBXFrameworksBuildPhase;
			buildActionMask = 2147483647;
			files = (
				5CA94FCDC4BFFAA5CF3F4E63 /* Pods_YouTubeApp1Tests.framework in Frameworks */,
			);
			runOnlyForDeploymentPostprocessing = 0;
		};
		CE29F1FE24CC845A00542D4C /* Frameworks */ = {
			isa = PBXFrameworksBuildPhase;
			buildActionMask = 2147483647;
			files = (
				871AB7BCE0561188592A19A6 /* Pods_YouTubeApp1_YouTubeApp1UITests.framework in Frameworks */,
			);
			runOnlyForDeploymentPostprocessing = 0;
		};
/* End PBXFrameworksBuildPhase section */

/* Begin PBXGroup section */
		60D739C3560A8319998684DC /* Pods */ = {
			isa = PBXGroup;
			children = (
				0CCA9DB1DE6B34D553A6E46B /* Pods-YouTubeApp1.debug.xcconfig */,
				C68109AB53F5E8F33369797D /* Pods-YouTubeApp1.release.xcconfig */,
				1061A7E7FE8A2FEC6A6413D7 /* Pods-YouTubeApp1-YouTubeApp1UITests.debug.xcconfig */,
				8D92A3C4BEAF5450F4EBB9B5 /* Pods-YouTubeApp1-YouTubeApp1UITests.release.xcconfig */,
				92D15B07434431D0088217E5 /* Pods-YouTubeApp1Tests.debug.xcconfig */,
				CE798AD80272FB3738642BDC /* Pods-YouTubeApp1Tests.release.xcconfig */,
			);
			path = Pods;
			sourceTree = "<group>";
		};
		76ADE0095E256539EF41AC22 /* Frameworks */ = {
			isa = PBXGroup;
			children = (
				D267BB1C253AA92C1E447CDE /* Pods_YouTubeApp1.framework */,
				6340011A8046F785D10705DB /* Pods_YouTubeApp1_YouTubeApp1UITests.framework */,
				A5A0831DA691CA9745D72714 /* Pods_YouTubeApp1Tests.framework */,
			);
			name = Frameworks;
			sourceTree = "<group>";
		};
		CE27D10E24CD853F0060C7A7 /* Models */ = {
			isa = PBXGroup;
			children = (
				CE27D10F24CD85820060C7A7 /* Video.swift */,
				CE7FA8EC24CF404F00A2DE8A /* Channel.swift */,
			);
			path = Models;
			sourceTree = "<group>";
		};
		CE29F1D724CC845500542D4C = {
			isa = PBXGroup;
			children = (
				CE29F1E224CC845500542D4C /* YouTubeApp1 */,
				CE29F1F924CC845A00542D4C /* YouTubeApp1Tests */,
				CE29F20424CC845A00542D4C /* YouTubeApp1UITests */,
				CE29F1E124CC845500542D4C /* Products */,
				60D739C3560A8319998684DC /* Pods */,
				76ADE0095E256539EF41AC22 /* Frameworks */,
			);
			sourceTree = "<group>";
		};
		CE29F1E124CC845500542D4C /* Products */ = {
			isa = PBXGroup;
			children = (
				CE29F1E024CC845500542D4C /* YouTubeApp1.app */,
				CE29F1F624CC845A00542D4C /* YouTubeApp1Tests.xctest */,
				CE29F20124CC845A00542D4C /* YouTubeApp1UITests.xctest */,
			);
			name = Products;
			sourceTree = "<group>";
		};
		CE29F1E224CC845500542D4C /* YouTubeApp1 */ = {
			isa = PBXGroup;
			children = (
				CEA09DC424CF54E8000ECD3D /* Utility */,
				CE27D10E24CD853F0060C7A7 /* Models */,
				CE29F22324CC91DB00542D4C /* xibs */,
				CE29F21424CC879800542D4C /* Cells */,
				CE29F1E324CC845500542D4C /* AppDelegate.swift */,
				CE29F1E524CC845500542D4C /* SceneDelegate.swift */,
				CE29F1E724CC845500542D4C /* ViewController.swift */,
				CE29F1E924CC845500542D4C /* Main.storyboard */,
				CE29F1EC24CC845900542D4C /* Assets.xcassets */,
				CE29F1EE24CC845900542D4C /* LaunchScreen.storyboard */,
				CE29F1F124CC845900542D4C /* Info.plist */,
			);
			path = YouTubeApp1;
			sourceTree = "<group>";
		};
		CE29F1F924CC845A00542D4C /* YouTubeApp1Tests */ = {
			isa = PBXGroup;
			children = (
				CE29F1FA24CC845A00542D4C /* YouTubeApp1Tests.swift */,
				CE29F1FC24CC845A00542D4C /* Info.plist */,
			);
			path = YouTubeApp1Tests;
			sourceTree = "<group>";
		};
		CE29F20424CC845A00542D4C /* YouTubeApp1UITests */ = {
			isa = PBXGroup;
			children = (
				CE29F20524CC845A00542D4C /* YouTubeApp1UITests.swift */,
				CE29F20724CC845A00542D4C /* Info.plist */,
			);
			path = YouTubeApp1UITests;
			sourceTree = "<group>";
		};
		CE29F21424CC879800542D4C /* Cells */ = {
			isa = PBXGroup;
			children = (
				CE29F22124CC906500542D4C /* VideoListCell.swift */,
			);
			path = Cells;
			sourceTree = "<group>";
		};
		CE29F22324CC91DB00542D4C /* xibs */ = {
			isa = PBXGroup;
			children = (
				CE29F22424CC923200542D4C /* VideoListCell.xib */,
			);
			path = xibs;
			sourceTree = "<group>";
		};
		CEA09DC424CF54E8000ECD3D /* Utility */ = {
			isa = PBXGroup;
			children = (
				CEA09DC524CF557E000ECD3D /* APIRequest.swift */,
			);
			path = Utility;
			sourceTree = "<group>";
		};
/* End PBXGroup section */

/* Begin PBXNativeTarget section */
		CE29F1DF24CC845500542D4C /* YouTubeApp1 */ = {
			isa = PBXNativeTarget;
			buildConfigurationList = CE29F20A24CC845A00542D4C /* Build configuration list for PBXNativeTarget "YouTubeApp1" */;
			buildPhases = (
				2B4776929AED1873C121D54D /* [CP] Check Pods Manifest.lock */,
				CE29F1DC24CC845500542D4C /* Sources */,
				CE29F1DD24CC845500542D4C /* Frameworks */,
				CE29F1DE24CC845500542D4C /* Resources */,
				0FC1F0583F9D7B72B52D4FC7 /* [CP] Embed Pods Frameworks */,
			);
			buildRules = (
			);
			dependencies = (
			);
			name = YouTubeApp1;
			productName = YouTubeApp1;
			productReference = CE29F1E024CC845500542D4C /* YouTubeApp1.app */;
			productType = "com.apple.product-type.application";
		};
		CE29F1F524CC845A00542D4C /* YouTubeApp1Tests */ = {
			isa = PBXNativeTarget;
			buildConfigurationList = CE29F20D24CC845A00542D4C /* Build configuration list for PBXNativeTarget "YouTubeApp1Tests" */;
			buildPhases = (
				F0B3754858BBDDC1F4EC3674 /* [CP] Check Pods Manifest.lock */,
				CE29F1F224CC845A00542D4C /* Sources */,
				CE29F1F324CC845A00542D4C /* Frameworks */,
				CE29F1F424CC845A00542D4C /* Resources */,
			);
			buildRules = (
			);
			dependencies = (
				CE29F1F824CC845A00542D4C /* PBXTargetDependency */,
			);
			name = YouTubeApp1Tests;
			productName = YouTubeApp1Tests;
			productReference = CE29F1F624CC845A00542D4C /* YouTubeApp1Tests.xctest */;
			productType = "com.apple.product-type.bundle.unit-test";
		};
		CE29F20024CC845A00542D4C /* YouTubeApp1UITests */ = {
			isa = PBXNativeTarget;
			buildConfigurationList = CE29F21024CC845A00542D4C /* Build configuration list for PBXNativeTarget "YouTubeApp1UITests" */;
			buildPhases = (
				DA17E18A83766146FB9C735B /* [CP] Check Pods Manifest.lock */,
				CE29F1FD24CC845A00542D4C /* Sources */,
				CE29F1FE24CC845A00542D4C /* Frameworks */,
				CE29F1FF24CC845A00542D4C /* Resources */,
				0C5935292D3E950CF836507A /* [CP] Embed Pods Frameworks */,
			);
			buildRules = (
			);
			dependencies = (
				CE29F20324CC845A00542D4C /* PBXTargetDependency */,
			);
			name = YouTubeApp1UITests;
			productName = YouTubeApp1UITests;
			productReference = CE29F20124CC845A00542D4C /* YouTubeApp1UITests.xctest */;
			productType = "com.apple.product-type.bundle.ui-testing";
		};
/* End PBXNativeTarget section */

/* Begin PBXProject section */
		CE29F1D824CC845500542D4C /* Project object */ = {
			isa = PBXProject;
			attributes = {
				LastSwiftUpdateCheck = 1200;
				LastUpgradeCheck = 1200;
				TargetAttributes = {
					CE29F1DF24CC845500542D4C = {
						CreatedOnToolsVersion = 12.0;
					};
					CE29F1F524CC845A00542D4C = {
						CreatedOnToolsVersion = 12.0;
						TestTargetID = CE29F1DF24CC845500542D4C;
					};
					CE29F20024CC845A00542D4C = {
						CreatedOnToolsVersion = 12.0;
						TestTargetID = CE29F1DF24CC845500542D4C;
					};
				};
			};
			buildConfigurationList = CE29F1DB24CC845500542D4C /* Build configuration list for PBXProject "YouTubeApp1" */;
			compatibilityVersion = "Xcode 9.3";
			developmentRegion = en;
			hasScannedForEncodings = 0;
			knownRegions = (
				en,
				Base,
			);
			mainGroup = CE29F1D724CC845500542D4C;
			productRefGroup = CE29F1E124CC845500542D4C /* Products */;
			projectDirPath = "";
			projectRoot = "";
			targets = (
				CE29F1DF24CC845500542D4C /* YouTubeApp1 */,
				CE29F1F524CC845A00542D4C /* YouTubeApp1Tests */,
				CE29F20024CC845A00542D4C /* YouTubeApp1UITests */,
			);
		};
/* End PBXProject section */

/* Begin PBXResourcesBuildPhase section */
		CE29F1DE24CC845500542D4C /* Resources */ = {
			isa = PBXResourcesBuildPhase;
			buildActionMask = 2147483647;
			files = (
				CE29F1F024CC845900542D4C /* LaunchScreen.storyboard in Resources */,
				CE29F22524CC923200542D4C /* VideoListCell.xib in Resources */,
				CE29F1ED24CC845900542D4C /* Assets.xcassets in Resources */,
				CE29F1EB24CC845500542D4C /* Main.storyboard in Resources */,
			);
			runOnlyForDeploymentPostprocessing = 0;
		};
		CE29F1F424CC845A00542D4C /* Resources */ = {
			isa = PBXResourcesBuildPhase;
			buildActionMask = 2147483647;
			files = (
			);
			runOnlyForDeploymentPostprocessing = 0;
		};
		CE29F1FF24CC845A00542D4C /* Resources */ = {
			isa = PBXResourcesBuildPhase;
			buildActionMask = 2147483647;
			files = (
			);
			runOnlyForDeploymentPostprocessing = 0;
		};
/* End PBXResourcesBuildPhase section */

/* Begin PBXShellScriptBuildPhase section */
		0C5935292D3E950CF836507A /* [CP] Embed Pods Frameworks */ = {
			isa = PBXShellScriptBuildPhase;
			buildActionMask = 2147483647;
			files = (
			);
			inputFileListPaths = (
				"${PODS_ROOT}/Target Support Files/Pods-YouTubeApp1-YouTubeApp1UITests/Pods-YouTubeApp1-YouTubeApp1UITests-frameworks-${CONFIGURATION}-input-files.xcfilelist",
			);
			name = "[CP] Embed Pods Frameworks";
			outputFileListPaths = (
				"${PODS_ROOT}/Target Support Files/Pods-YouTubeApp1-YouTubeApp1UITests/Pods-YouTubeApp1-YouTubeApp1UITests-frameworks-${CONFIGURATION}-output-files.xcfilelist",
			);
			runOnlyForDeploymentPostprocessing = 0;
			shellPath = /bin/sh;
			shellScript = "\"${PODS_ROOT}/Target Support Files/Pods-YouTubeApp1-YouTubeApp1UITests/Pods-YouTubeApp1-YouTubeApp1UITests-frameworks.sh\"\n";
			showEnvVarsInLog = 0;
		};
		0FC1F0583F9D7B72B52D4FC7 /* [CP] Embed Pods Frameworks */ = {
			isa = PBXShellScriptBuildPhase;
			buildActionMask = 2147483647;
			files = (
			);
			inputFileListPaths = (
				"${PODS_ROOT}/Target Support Files/Pods-YouTubeApp1/Pods-YouTubeApp1-frameworks-${CONFIGURATION}-input-files.xcfilelist",
			);
			name = "[CP] Embed Pods Frameworks";
			outputFileListPaths = (
				"${PODS_ROOT}/Target Support Files/Pods-YouTubeApp1/Pods-YouTubeApp1-frameworks-${CONFIGURATION}-output-files.xcfilelist",
			);
			runOnlyForDeploymentPostprocessing = 0;
			shellPath = /bin/sh;
			shellScript = "\"${PODS_ROOT}/Target Support Files/Pods-YouTubeApp1/Pods-YouTubeApp1-frameworks.sh\"\n";
			showEnvVarsInLog = 0;
		};
		2B4776929AED1873C121D54D /* [CP] Check Pods Manifest.lock */ = {
			isa = PBXShellScriptBuildPhase;
			buildActionMask = 2147483647;
			files = (
			);
			inputFileListPaths = (
			);
			inputPaths = (
				"${PODS_PODFILE_DIR_PATH}/Podfile.lock",
				"${PODS_ROOT}/Manifest.lock",
			);
			name = "[CP] Check Pods Manifest.lock";
			outputFileListPaths = (
			);
			outputPaths = (
				"$(DERIVED_FILE_DIR)/Pods-YouTubeApp1-checkManifestLockResult.txt",
			);
			runOnlyForDeploymentPostprocessing = 0;
			shellPath = /bin/sh;
			shellScript = "diff \"${PODS_PODFILE_DIR_PATH}/Podfile.lock\" \"${PODS_ROOT}/Manifest.lock\" > /dev/null\nif [ $? != 0 ] ; then\n    # print error to STDERR\n    echo \"error: The sandbox is not in sync with the Podfile.lock. Run 'pod install' or update your CocoaPods installation.\" >&2\n    exit 1\nfi\n# This output is used by Xcode 'outputs' to avoid re-running this script phase.\necho \"SUCCESS\" > \"${SCRIPT_OUTPUT_FILE_0}\"\n";
			showEnvVarsInLog = 0;
		};
		DA17E18A83766146FB9C735B /* [CP] Check Pods Manifest.lock */ = {
			isa = PBXShellScriptBuildPhase;
			buildActionMask = 2147483647;
			files = (
			);
			inputFileListPaths = (
			);
			inputPaths = (
				"${PODS_PODFILE_DIR_PATH}/Podfile.lock",
				"${PODS_ROOT}/Manifest.lock",
			);
			name = "[CP] Check Pods Manifest.lock";
			outputFileListPaths = (
			);
			outputPaths = (
				"$(DERIVED_FILE_DIR)/Pods-YouTubeApp1-YouTubeApp1UITests-checkManifestLockResult.txt",
			);
			runOnlyForDeploymentPostprocessing = 0;
			shellPath = /bin/sh;
			shellScript = "diff \"${PODS_PODFILE_DIR_PATH}/Podfile.lock\" \"${PODS_ROOT}/Manifest.lock\" > /dev/null\nif [ $? != 0 ] ; then\n    # print error to STDERR\n    echo \"error: The sandbox is not in sync with the Podfile.lock. Run 'pod install' or update your CocoaPods installation.\" >&2\n    exit 1\nfi\n# This output is used by Xcode 'outputs' to avoid re-running this script phase.\necho \"SUCCESS\" > \"${SCRIPT_OUTPUT_FILE_0}\"\n";
			showEnvVarsInLog = 0;
		};
		F0B3754858BBDDC1F4EC3674 /* [CP] Check Pods Manifest.lock */ = {
			isa = PBXShellScriptBuildPhase;
			buildActionMask = 2147483647;
			files = (
			);
			inputFileListPaths = (
			);
			inputPaths = (
				"${PODS_PODFILE_DIR_PATH}/Podfile.lock",
				"${PODS_ROOT}/Manifest.lock",
			);
			name = "[CP] Check Pods Manifest.lock";
			outputFileListPaths = (
			);
			outputPaths = (
				"$(DERIVED_FILE_DIR)/Pods-YouTubeApp1Tests-checkManifestLockResult.txt",
			);
			runOnlyForDeploymentPostprocessing = 0;
			shellPath = /bin/sh;
			shellScript = "diff \"${PODS_PODFILE_DIR_PATH}/Podfile.lock\" \"${PODS_ROOT}/Manifest.lock\" > /dev/null\nif [ $? != 0 ] ; then\n    # print error to STDERR\n    echo \"error: The sandbox is not in sync with the Podfile.lock. Run 'pod install' or update your CocoaPods installation.\" >&2\n    exit 1\nfi\n# This output is used by Xcode 'outputs' to avoid re-running this script phase.\necho \"SUCCESS\" > \"${SCRIPT_OUTPUT_FILE_0}\"\n";
			showEnvVarsInLog = 0;
		};
/* End PBXShellScriptBuildPhase section */

/* Begin PBXSourcesBuildPhase section */
		CE29F1DC24CC845500542D4C /* Sources */ = {
			isa = PBXSourcesBuildPhase;
			buildActionMask = 2147483647;
			files = (
				CE29F1E824CC845500542D4C /* ViewController.swift in Sources */,
				CEA09DC624CF557E000ECD3D /* APIRequest.swift in Sources */,
				CE7FA8ED24CF404F00A2DE8A /* Channel.swift in Sources */,
				CE29F22224CC906500542D4C /* VideoListCell.swift in Sources */,
				CE29F1E424CC845500542D4C /* AppDelegate.swift in Sources */,
				CE29F1E624CC845500542D4C /* SceneDelegate.swift in Sources */,
				CE27D11024CD85820060C7A7 /* Video.swift in Sources */,
			);
			runOnlyForDeploymentPostprocessing = 0;
		};
		CE29F1F224CC845A00542D4C /* Sources */ = {
			isa = PBXSourcesBuildPhase;
			buildActionMask = 2147483647;
			files = (
				CE29F1FB24CC845A00542D4C /* YouTubeApp1Tests.swift in Sources */,
			);
			runOnlyForDeploymentPostprocessing = 0;
		};
		CE29F1FD24CC845A00542D4C /* Sources */ = {
			isa = PBXSourcesBuildPhase;
			buildActionMask = 2147483647;
			files = (
				CE29F20624CC845A00542D4C /* YouTubeApp1UITests.swift in Sources */,
			);
			runOnlyForDeploymentPostprocessing = 0;
		};
/* End PBXSourcesBuildPhase section */

/* Begin PBXTargetDependency section */
		CE29F1F824CC845A00542D4C /* PBXTargetDependency */ = {
			isa = PBXTargetDependency;
			target = CE29F1DF24CC845500542D4C /* YouTubeApp1 */;
			targetProxy = CE29F1F724CC845A00542D4C /* PBXContainerItemProxy */;
		};
		CE29F20324CC845A00542D4C /* PBXTargetDependency */ = {
			isa = PBXTargetDependency;
			target = CE29F1DF24CC845500542D4C /* YouTubeApp1 */;
			targetProxy = CE29F20224CC845A00542D4C /* PBXContainerItemProxy */;
		};
/* End PBXTargetDependency section */

/* Begin PBXVariantGroup section */
		CE29F1E924CC845500542D4C /* Main.storyboard */ = {
			isa = PBXVariantGroup;
			children = (
				CE29F1EA24CC845500542D4C /* Base */,
			);
			name = Main.storyboard;
			sourceTree = "<group>";
		};
		CE29F1EE24CC845900542D4C /* LaunchScreen.storyboard */ = {
			isa = PBXVariantGroup;
			children = (
				CE29F1EF24CC845900542D4C /* Base */,
			);
			name = LaunchScreen.storyboard;
			sourceTree = "<group>";
		};
/* End PBXVariantGroup section */

/* Begin XCBuildConfiguration section */
		CE29F20824CC845A00542D4C /* Debug */ = {
			isa = XCBuildConfiguration;
			buildSettings = {
				ALWAYS_SEARCH_USER_PATHS = NO;
				CLANG_ANALYZER_NONNULL = YES;
				CLANG_ANALYZER_NUMBER_OBJECT_CONVERSION = YES_AGGRESSIVE;
				CLANG_CXX_LANGUAGE_STANDARD = "gnu++14";
				CLANG_CXX_LIBRARY = "libc++";
				CLANG_ENABLE_MODULES = YES;
				CLANG_ENABLE_OBJC_ARC = YES;
				CLANG_ENABLE_OBJC_WEAK = YES;
				CLANG_WARN_BLOCK_CAPTURE_AUTORELEASING = YES;
				CLANG_WARN_BOOL_CONVERSION = YES;
				CLANG_WARN_COMMA = YES;
				CLANG_WARN_CONSTANT_CONVERSION = YES;
				CLANG_WARN_DEPRECATED_OBJC_IMPLEMENTATIONS = YES;
				CLANG_WARN_DIRECT_OBJC_ISA_USAGE = YES_ERROR;
				CLANG_WARN_DOCUMENTATION_COMMENTS = YES;
				CLANG_WARN_EMPTY_BODY = YES;
				CLANG_WARN_ENUM_CONVERSION = YES;
				CLANG_WARN_INFINITE_RECURSION = YES;
				CLANG_WARN_INT_CONVERSION = YES;
				CLANG_WARN_NON_LITERAL_NULL_CONVERSION = YES;
				CLANG_WARN_OBJC_IMPLICIT_RETAIN_SELF = YES;
				CLANG_WARN_OBJC_LITERAL_CONVERSION = YES;
				CLANG_WARN_OBJC_ROOT_CLASS = YES_ERROR;
				CLANG_WARN_QUOTED_INCLUDE_IN_FRAMEWORK_HEADER = YES;
				CLANG_WARN_RANGE_LOOP_ANALYSIS = YES;
				CLANG_WARN_STRICT_PROTOTYPES = YES;
				CLANG_WARN_SUSPICIOUS_MOVE = YES;
				CLANG_WARN_UNGUARDED_AVAILABILITY = YES_AGGRESSIVE;
				CLANG_WARN_UNREACHABLE_CODE = YES;
				CLANG_WARN__DUPLICATE_METHOD_MATCH = YES;
				COPY_PHASE_STRIP = NO;
				DEBUG_INFORMATION_FORMAT = dwarf;
				ENABLE_STRICT_OBJC_MSGSEND = YES;
				ENABLE_TESTABILITY = YES;
				GCC_C_LANGUAGE_STANDARD = gnu11;
				GCC_DYNAMIC_NO_PIC = NO;
				GCC_NO_COMMON_BLOCKS = YES;
				GCC_OPTIMIZATION_LEVEL = 0;
				GCC_PREPROCESSOR_DEFINITIONS = (
					"DEBUG=1",
					"$(inherited)",
				);
				GCC_WARN_64_TO_32_BIT_CONVERSION = YES;
				GCC_WARN_ABOUT_RETURN_TYPE = YES_ERROR;
				GCC_WARN_UNDECLARED_SELECTOR = YES;
				GCC_WARN_UNINITIALIZED_AUTOS = YES_AGGRESSIVE;
				GCC_WARN_UNUSED_FUNCTION = YES;
				GCC_WARN_UNUSED_VARIABLE = YES;
				IPHONEOS_DEPLOYMENT_TARGET = 14.0;
				MTL_ENABLE_DEBUG_INFO = INCLUDE_SOURCE;
				MTL_FAST_MATH = YES;
				ONLY_ACTIVE_ARCH = YES;
				SDKROOT = iphoneos;
				SWIFT_ACTIVE_COMPILATION_CONDITIONS = DEBUG;
				SWIFT_OPTIMIZATION_LEVEL = "-Onone";
			};
			name = Debug;
		};
		CE29F20924CC845A00542D4C /* Release */ = {
			isa = XCBuildConfiguration;
			buildSettings = {
				ALWAYS_SEARCH_USER_PATHS = NO;
				CLANG_ANALYZER_NONNULL = YES;
				CLANG_ANALYZER_NUMBER_OBJECT_CONVERSION = YES_AGGRESSIVE;
				CLANG_CXX_LANGUAGE_STANDARD = "gnu++14";
				CLANG_CXX_LIBRARY = "libc++";
				CLANG_ENABLE_MODULES = YES;
				CLANG_ENABLE_OBJC_ARC = YES;
				CLANG_ENABLE_OBJC_WEAK = YES;
				CLANG_WARN_BLOCK_CAPTURE_AUTORELEASING = YES;
				CLANG_WARN_BOOL_CONVERSION = YES;
				CLANG_WARN_COMMA = YES;
				CLANG_WARN_CONSTANT_CONVERSION = YES;
				CLANG_WARN_DEPRECATED_OBJC_IMPLEMENTATIONS = YES;
				CLANG_WARN_DIRECT_OBJC_ISA_USAGE = YES_ERROR;
				CLANG_WARN_DOCUMENTATION_COMMENTS = YES;
				CLANG_WARN_EMPTY_BODY = YES;
				CLANG_WARN_ENUM_CONVERSION = YES;
				CLANG_WARN_INFINITE_RECURSION = YES;
				CLANG_WARN_INT_CONVERSION = YES;
				CLANG_WARN_NON_LITERAL_NULL_CONVERSION = YES;
				CLANG_WARN_OBJC_IMPLICIT_RETAIN_SELF = YES;
				CLANG_WARN_OBJC_LITERAL_CONVERSION = YES;
				CLANG_WARN_OBJC_ROOT_CLASS = YES_ERROR;
				CLANG_WARN_QUOTED_INCLUDE_IN_FRAMEWORK_HEADER = YES;
				CLANG_WARN_RANGE_LOOP_ANALYSIS = YES;
				CLANG_WARN_STRICT_PROTOTYPES = YES;
				CLANG_WARN_SUSPICIOUS_MOVE = YES;
				CLANG_WARN_UNGUARDED_AVAILABILITY = YES_AGGRESSIVE;
				CLANG_WARN_UNREACHABLE_CODE = YES;
				CLANG_WARN__DUPLICATE_METHOD_MATCH = YES;
				COPY_PHASE_STRIP = NO;
				DEBUG_INFORMATION_FORMAT = "dwarf-with-dsym";
				ENABLE_NS_ASSERTIONS = NO;
				ENABLE_STRICT_OBJC_MSGSEND = YES;
				GCC_C_LANGUAGE_STANDARD = gnu11;
				GCC_NO_COMMON_BLOCKS = YES;
				GCC_WARN_64_TO_32_BIT_CONVERSION = YES;
				GCC_WARN_ABOUT_RETURN_TYPE = YES_ERROR;
				GCC_WARN_UNDECLARED_SELECTOR = YES;
				GCC_WARN_UNINITIALIZED_AUTOS = YES_AGGRESSIVE;
				GCC_WARN_UNUSED_FUNCTION = YES;
				GCC_WARN_UNUSED_VARIABLE = YES;
				IPHONEOS_DEPLOYMENT_TARGET = 14.0;
				MTL_ENABLE_DEBUG_INFO = NO;
				MTL_FAST_MATH = YES;
				SDKROOT = iphoneos;
				SWIFT_COMPILATION_MODE = wholemodule;
				SWIFT_OPTIMIZATION_LEVEL = "-O";
				VALIDATE_PRODUCT = YES;
			};
			name = Release;
		};
		CE29F20B24CC845A00542D4C /* Debug */ = {
			isa = XCBuildConfiguration;
			baseConfigurationReference = 0CCA9DB1DE6B34D553A6E46B /* Pods-YouTubeApp1.debug.xcconfig */;
			buildSettings = {
				ASSETCATALOG_COMPILER_APPICON_NAME = AppIcon;
				ASSETCATALOG_COMPILER_GLOBAL_ACCENT_COLOR_NAME = AccentColor;
				CODE_SIGN_STYLE = Automatic;
				INFOPLIST_FILE = YouTubeApp1/Info.plist;
				LD_RUNPATH_SEARCH_PATHS = (
					"$(inherited)",
					"@executable_path/Frameworks",
				);
				PRODUCT_BUNDLE_IDENTIFIER = Toshi.YouTubeApp1;
				PRODUCT_NAME = "$(TARGET_NAME)";
				SWIFT_VERSION = 5.0;
				TARGETED_DEVICE_FAMILY = "1,2";
			};
			name = Debug;
		};
		CE29F20C24CC845A00542D4C /* Release */ = {
			isa = XCBuildConfiguration;
			baseConfigurationReference = C68109AB53F5E8F33369797D /* Pods-YouTubeApp1.release.xcconfig */;
			buildSettings = {
				ASSETCATALOG_COMPILER_APPICON_NAME = AppIcon;
				ASSETCATALOG_COMPILER_GLOBAL_ACCENT_COLOR_NAME = AccentColor;
				CODE_SIGN_STYLE = Automatic;
				INFOPLIST_FILE = YouTubeApp1/Info.plist;
				LD_RUNPATH_SEARCH_PATHS = (
					"$(inherited)",
					"@executable_path/Frameworks",
				);
				PRODUCT_BUNDLE_IDENTIFIER = Toshi.YouTubeApp1;
				PRODUCT_NAME = "$(TARGET_NAME)";
				SWIFT_VERSION = 5.0;
				TARGETED_DEVICE_FAMILY = "1,2";
			};
			name = Release;
		};
		CE29F20E24CC845A00542D4C /* Debug */ = {
			isa = XCBuildConfiguration;
			baseConfigurationReference = 92D15B07434431D0088217E5 /* Pods-YouTubeApp1Tests.debug.xcconfig */;
			buildSettings = {
				ALWAYS_EMBED_SWIFT_STANDARD_LIBRARIES = YES;
				BUNDLE_LOADER = "$(TEST_HOST)";
				CODE_SIGN_STYLE = Automatic;
				INFOPLIST_FILE = YouTubeApp1Tests/Info.plist;
				IPHONEOS_DEPLOYMENT_TARGET = 14.0;
				LD_RUNPATH_SEARCH_PATHS = (
					"$(inherited)",
					"@executable_path/Frameworks",
					"@loader_path/Frameworks",
				);
				PRODUCT_BUNDLE_IDENTIFIER = Toshi.YouTubeApp1Tests;
				PRODUCT_NAME = "$(TARGET_NAME)";
				SWIFT_VERSION = 5.0;
				TARGETED_DEVICE_FAMILY = "1,2";
				TEST_HOST = "$(BUILT_PRODUCTS_DIR)/YouTubeApp1.app/YouTubeApp1";
			};
			name = Debug;
		};
		CE29F20F24CC845A00542D4C /* Release */ = {
			isa = XCBuildConfiguration;
			baseConfigurationReference = CE798AD80272FB3738642BDC /* Pods-YouTubeApp1Tests.release.xcconfig */;
			buildSettings = {
				ALWAYS_EMBED_SWIFT_STANDARD_LIBRARIES = YES;
				BUNDLE_LOADER = "$(TEST_HOST)";
				CODE_SIGN_STYLE = Automatic;
				INFOPLIST_FILE = YouTubeApp1Tests/Info.plist;
				IPHONEOS_DEPLOYMENT_TARGET = 14.0;
				LD_RUNPATH_SEARCH_PATHS = (
					"$(inherited)",
					"@executable_path/Frameworks",
					"@loader_path/Frameworks",
				);
				PRODUCT_BUNDLE_IDENTIFIER = Toshi.YouTubeApp1Tests;
				PRODUCT_NAME = "$(TARGET_NAME)";
				SWIFT_VERSION = 5.0;
				TARGETED_DEVICE_FAMILY = "1,2";
				TEST_HOST = "$(BUILT_PRODUCTS_DIR)/YouTubeApp1.app/YouTubeApp1";
			};
			name = Release;
		};
		CE29F21124CC845A00542D4C /* Debug */ = {
			isa = XCBuildConfiguration;
			baseConfigurationReference = 1061A7E7FE8A2FEC6A6413D7 /* Pods-YouTubeApp1-YouTubeApp1UITests.debug.xcconfig */;
			buildSettings = {
				ALWAYS_EMBED_SWIFT_STANDARD_LIBRARIES = YES;
				CODE_SIGN_STYLE = Automatic;
				INFOPLIST_FILE = YouTubeApp1UITests/Info.plist;
				LD_RUNPATH_SEARCH_PATHS = (
					"$(inherited)",
					"@executable_path/Frameworks",
					"@loader_path/Frameworks",
				);
				PRODUCT_BUNDLE_IDENTIFIER = Toshi.YouTubeApp1UITests;
				PRODUCT_NAME = "$(TARGET_NAME)";
				SWIFT_VERSION = 5.0;
				TARGETED_DEVICE_FAMILY = "1,2";
				TEST_TARGET_NAME = YouTubeApp1;
			};
			name = Debug;
		};
		CE29F21224CC845A00542D4C /* Release */ = {
			isa = XCBuildConfiguration;
			baseConfigurationReference = 8D92A3C4BEAF5450F4EBB9B5 /* Pods-YouTubeApp1-YouTubeApp1UITests.release.xcconfig */;
			buildSettings = {
				ALWAYS_EMBED_SWIFT_STANDARD_LIBRARIES = YES;
				CODE_SIGN_STYLE = Automatic;
				INFOPLIST_FILE = YouTubeApp1UITests/Info.plist;
				LD_RUNPATH_SEARCH_PATHS = (
					"$(inherited)",
					"@executable_path/Frameworks",
					"@loader_path/Frameworks",
				);
				PRODUCT_BUNDLE_IDENTIFIER = Toshi.YouTubeApp1UITests;
				PRODUCT_NAME = "$(TARGET_NAME)";
				SWIFT_VERSION = 5.0;
				TARGETED_DEVICE_FAMILY = "1,2";
				TEST_TARGET_NAME = YouTubeApp1;
			};
			name = Release;
		};
/* End XCBuildConfiguration section */

/* Begin XCConfigurationList section */
		CE29F1DB24CC845500542D4C /* Build configuration list for PBXProject "YouTubeApp1" */ = {
			isa = XCConfigurationList;
			buildConfigurations = (
				CE29F20824CC845A00542D4C /* Debug */,
				CE29F20924CC845A00542D4C /* Release */,
			);
			defaultConfigurationIsVisible = 0;
			defaultConfigurationName = Release;
		};
		CE29F20A24CC845A00542D4C /* Build configuration list for PBXNativeTarget "YouTubeApp1" */ = {
			isa = XCConfigurationList;
			buildConfigurations = (
				CE29F20B24CC845A00542D4C /* Debug */,
				CE29F20C24CC845A00542D4C /* Release */,
			);
			defaultConfigurationIsVisible = 0;
			defaultConfigurationName = Release;
		};
		CE29F20D24CC845A00542D4C /* Build configuration list for PBXNativeTarget "YouTubeApp1Tests" */ = {
			isa = XCConfigurationList;
			buildConfigurations = (
				CE29F20E24CC845A00542D4C /* Debug */,
				CE29F20F24CC845A00542D4C /* Release */,
			);
			defaultConfigurationIsVisible = 0;
			defaultConfigurationName = Release;
		};
		CE29F21024CC845A00542D4C /* Build configuration list for PBXNativeTarget "YouTubeApp1UITests" */ = {
			isa = XCConfigurationList;
			buildConfigurations = (
				CE29F21124CC845A00542D4C /* Debug */,
				CE29F21224CC845A00542D4C /* Release */,
			);
			defaultConfigurationIsVisible = 0;
			defaultConfigurationName = Release;
		};
/* End XCConfigurationList section */
	};
	rootObject = CE29F1D824CC845500542D4C /* Project object */;
}
